PODS:
  - Nimble (2.0.0)
  - Papu (0.1.0)
  - Quick (0.7.0)

DEPENDENCIES:
  - Nimble
  - Papu (from `../`)
  - Quick (~> 0.7.0)

EXTERNAL SOURCES:
  Papu:
    :path: "../"

SPEC CHECKSUMS:
  Nimble: 472e75466819eb8c06299233e87c694a9b51328a
  Papu: e120763647b636209e3da29c7415ef13662a2bff
  Quick: 906d8aa995ee0afa96f1f7f01170f40fccfa5898

COCOAPODS: 0.39.0
